// !$*UTF8*$!
{
	archiveVersion = 1;
	classes = {
	};
	objectVersion = 56;
	objects = {

/* Begin PBXBuildFile section */
		292704F029CEC61F00C2C761 /* AssignmentOneApp.swift in Sources */ = {isa = PBXBuildFile; fileRef = 292704EF29CEC61F00C2C761 /* AssignmentOneApp.swift */; };
		292704F229CEC61F00C2C761 /* ContentView.swift in Sources */ = {isa = PBXBuildFile; fileRef = 292704F129CEC61F00C2C761 /* ContentView.swift */; };
		292704F429CEC62000C2C761 /* Assets.xcassets in Resources */ = {isa = PBXBuildFile; fileRef = 292704F329CEC62000C2C761 /* Assets.xcassets */; };
		292704F729CEC62000C2C761 /* Preview Assets.xcassets in Resources */ = {isa = PBXBuildFile; fileRef = 292704F629CEC62000C2C761 /* Preview Assets.xcassets */; };
		2927050129CEC62000C2C761 /* AssignmentOneTests.swift in Sources */ = {isa = PBXBuildFile; fileRef = 2927050029CEC62000C2C761 /* AssignmentOneTests.swift */; };
		2927050B29CEC62100C2C761 /* AssignmentOneUITests.swift in Sources */ = {isa = PBXBuildFile; fileRef = 2927050A29CEC62100C2C761 /* AssignmentOneUITests.swift */; };
		2927050D29CEC62100C2C761 /* AssignmentOneUITestsLaunchTests.swift in Sources */ = {isa = PBXBuildFile; fileRef = 2927050C29CEC62100C2C761 /* AssignmentOneUITestsLaunchTests.swift */; };
		2927051B29CECD7900C2C761 /* DataModel.swift in Sources */ = {isa = PBXBuildFile; fileRef = 2927051A29CECD7900C2C761 /* DataModel.swift */; };
		2927051C29CECDFD00C2C761 /* DataModel.swift in Sources */ = {isa = PBXBuildFile; fileRef = 2927051A29CECD7900C2C761 /* DataModel.swift */; };
/* End PBXBuildFile section */

/* Begin PBXContainerItemProxy section */
		292704FD29CEC62000C2C761 /* PBXContainerItemProxy */ = {
			isa = PBXContainerItemProxy;
			containerPortal = 292704E429CEC61F00C2C761 /* Project object */;
			proxyType = 1;
			remoteGlobalIDString = 292704EB29CEC61F00C2C761;
			remoteInfo = AssignmentOne;
		};
		2927050729CEC62100C2C761 /* PBXContainerItemProxy */ = {
			isa = PBXContainerItemProxy;
			containerPortal = 292704E429CEC61F00C2C761 /* Project object */;
			proxyType = 1;
			remoteGlobalIDString = 292704EB29CEC61F00C2C761;
			remoteInfo = AssignmentOne;
		};
/* End PBXContainerItemProxy section */

/* Begin PBXFileReference section */
		292704EC29CEC61F00C2C761 /* AssignmentOne.app */ = {isa = PBXFileReference; explicitFileType = wrapper.application; includeInIndex = 0; path = AssignmentOne.app; sourceTree = BUILT_PRODUCTS_DIR; };
		292704EF29CEC61F00C2C761 /* AssignmentOneApp.swift */ = {isa = PBXFileReference; lastKnownFileType = sourcecode.swift; path = AssignmentOneApp.swift; sourceTree = "<group>"; };
		292704F129CEC61F00C2C761 /* ContentView.swift */ = {isa = PBXFileReference; lastKnownFileType = sourcecode.swift; path = ContentView.swift; sourceTree = "<group>"; };
		292704F329CEC62000C2C761 /* Assets.xcassets */ = {isa = PBXFileReference; lastKnownFileType = folder.assetcatalog; path = Assets.xcassets; sourceTree = "<group>"; };
		292704F629CEC62000C2C761 /* Preview Assets.xcassets */ = {isa = PBXFileReference; lastKnownFileType = folder.assetcatalog; path = "Preview Assets.xcassets"; sourceTree = "<group>"; };
		292704FC29CEC62000C2C761 /* AssignmentOneTests.xctest */ = {isa = PBXFileReference; explicitFileType = wrapper.cfbundle; includeInIndex = 0; path = AssignmentOneTests.xctest; sourceTree = BUILT_PRODUCTS_DIR; };
		2927050029CEC62000C2C761 /* AssignmentOneTests.swift */ = {isa = PBXFileReference; lastKnownFileType = sourcecode.swift; path = AssignmentOneTests.swift; sourceTree = "<group>"; };
		2927050629CEC62100C2C761 /* AssignmentOneUITests.xctest */ = {isa = PBXFileReference; explicitFileType = wrapper.cfbundle; includeInIndex = 0; path = AssignmentOneUITests.xctest; sourceTree = BUILT_PRODUCTS_DIR; };
		2927050A29CEC62100C2C761 /* AssignmentOneUITests.swift */ = {isa = PBXFileReference; lastKnownFileType = sourcecode.swift; path = AssignmentOneUITests.swift; sourceTree = "<group>"; };
		2927050C29CEC62100C2C761 /* AssignmentOneUITestsLaunchTests.swift */ = {isa = PBXFileReference; lastKnownFileType = sourcecode.swift; path = AssignmentOneUITestsLaunchTests.swift; sourceTree = "<group>"; };
		2927051929CECC2100C2C761 /* Readme.md */ = {isa = PBXFileReference; lastKnownFileType = net.daringfireball.markdown; path = Readme.md; sourceTree = "<group>"; };
		2927051A29CECD7900C2C761 /* DataModel.swift */ = {isa = PBXFileReference; lastKnownFileType = sourcecode.swift; path = DataModel.swift; sourceTree = "<group>"; };
/* End PBXFileReference section */

/* Begin PBXFrameworksBuildPhase section */
		292704E929CEC61F00C2C761 /* Frameworks */ = {
			isa = PBXFrameworksBuildPhase;
			buildActionMask = 2147483647;
			files = (
			);
			runOnlyForDeploymentPostprocessing = 0;
		};
		292704F929CEC62000C2C761 /* Frameworks */ = {
			isa = PBXFrameworksBuildPhase;
			buildActionMask = 2147483647;
			files = (
			);
			runOnlyForDeploymentPostprocessing = 0;
		};
		2927050329CEC62100C2C761 /* Frameworks */ = {
			isa = PBXFrameworksBuildPhase;
			buildActionMask = 2147483647;
			files = (
			);
			runOnlyForDeploymentPostprocessing = 0;
		};
/* End PBXFrameworksBuildPhase section */

/* Begin PBXGroup section */
		292704E329CEC61F00C2C761 = {
			isa = PBXGroup;
			children = (
				292704EE29CEC61F00C2C761 /* AssignmentOne */,
				292704FF29CEC62000C2C761 /* AssignmentOneTests */,
				2927050929CEC62100C2C761 /* AssignmentOneUITests */,
				292704ED29CEC61F00C2C761 /* Products */,
			);
			sourceTree = "<group>";
		};
		292704ED29CEC61F00C2C761 /* Products */ = {
			isa = PBXGroup;
			children = (
				292704EC29CEC61F00C2C761 /* AssignmentOne.app */,
				292704FC29CEC62000C2C761 /* AssignmentOneTests.xctest */,
				2927050629CEC62100C2C761 /* AssignmentOneUITests.xctest */,
			);
			name = Products;
			sourceTree = "<group>";
		};
		292704EE29CEC61F00C2C761 /* AssignmentOne */ = {
			isa = PBXGroup;
			children = (
				2927051929CECC2100C2C761 /* Readme.md */,
				2927051A29CECD7900C2C761 /* DataModel.swift */,
				292704EF29CEC61F00C2C761 /* AssignmentOneApp.swift */,
				292704F129CEC61F00C2C761 /* ContentView.swift */,
				292704F329CEC62000C2C761 /* Assets.xcassets */,
				292704F529CEC62000C2C761 /* Preview Content */,
			);
			path = AssignmentOne;
			sourceTree = "<group>";
		};
		292704F529CEC62000C2C761 /* Preview Content */ = {
			isa = PBXGroup;
			children = (
				292704F629CEC62000C2C761 /* Preview Assets.xcassets */,
			);
			path = "Preview Content";
			sourceTree = "<group>";
		};
		292704FF29CEC62000C2C761 /* AssignmentOneTests */ = {
			isa = PBXGroup;
			children = (
				2927050029CEC62000C2C761 /* AssignmentOneTests.swift */,
			);
			path = AssignmentOneTests;
			sourceTree = "<group>";
		};
		2927050929CEC62100C2C761 /* AssignmentOneUITests */ = {
			isa = PBXGroup;
			children = (
				2927050A29CEC62100C2C761 /* AssignmentOneUITests.swift */,
				2927050C29CEC62100C2C761 /* AssignmentOneUITestsLaunchTests.swift */,
			);
			path = AssignmentOneUITests;
			sourceTree = "<group>";
		};
/* End PBXGroup section */

/* Begin PBXNativeTarget section */
		292704EB29CEC61F00C2C761 /* AssignmentOne */ = {
			isa = PBXNativeTarget;
			buildConfigurationList = 2927051029CEC62100C2C761 /* Build configuration list for PBXNativeTarget "AssignmentOne" */;
			buildPhases = (
				292704E829CEC61F00C2C761 /* Sources */,
				292704E929CEC61F00C2C761 /* Frameworks */,
				292704EA29CEC61F00C2C761 /* Resources */,
			);
			buildRules = (
			);
			dependencies = (
			);
			name = AssignmentOne;
			productName = AssignmentOne;
			productReference = 292704EC29CEC61F00C2C761 /* AssignmentOne.app */;
			productType = "com.apple.product-type.application";
		};
		292704FB29CEC62000C2C761 /* AssignmentOneTests */ = {
			isa = PBXNativeTarget;
			buildConfigurationList = 2927051329CEC62100C2C761 /* Build configuration list for PBXNativeTarget "AssignmentOneTests" */;
			buildPhases = (
				292704F829CEC62000C2C761 /* Sources */,
				292704F929CEC62000C2C761 /* Frameworks */,
				292704FA29CEC62000C2C761 /* Resources */,
			);
			buildRules = (
			);
			dependencies = (
				292704FE29CEC62000C2C761 /* PBXTargetDependency */,
			);
			name = AssignmentOneTests;
			productName = AssignmentOneTests;
			productReference = 292704FC29CEC62000C2C761 /* AssignmentOneTests.xctest */;
			productType = "com.apple.product-type.bundle.unit-test";
		};
		2927050529CEC62100C2C761 /* AssignmentOneUITests */ = {
			isa = PBXNativeTarget;
			buildConfigurationList = 2927051629CEC62100C2C761 /* Build configuration list for PBXNativeTarget "AssignmentOneUITests" */;
			buildPhases = (
				2927050229CEC62100C2C761 /* Sources */,
				2927050329CEC62100C2C761 /* Frameworks */,
				2927050429CEC62100C2C761 /* Resources */,
			);
			buildRules = (
			);
			dependencies = (
				2927050829CEC62100C2C761 /* PBXTargetDependency */,
			);
			name = AssignmentOneUITests;
			productName = AssignmentOneUITests;
			productReference = 2927050629CEC62100C2C761 /* AssignmentOneUITests.xctest */;
			productType = "com.apple.product-type.bundle.ui-testing";
		};
/* End PBXNativeTarget section */

/* Begin PBXProject section */
		292704E429CEC61F00C2C761 /* Project object */ = {
			isa = PBXProject;
			attributes = {
				BuildIndependentTargetsInParallel = 1;
				LastSwiftUpdateCheck = 1420;
				LastUpgradeCheck = 1420;
				TargetAttributes = {
					292704EB29CEC61F00C2C761 = {
						CreatedOnToolsVersion = 14.2;
					};
					292704FB29CEC62000C2C761 = {
						CreatedOnToolsVersion = 14.2;
						TestTargetID = 292704EB29CEC61F00C2C761;
					};
					2927050529CEC62100C2C761 = {
						CreatedOnToolsVersion = 14.2;
						TestTargetID = 292704EB29CEC61F00C2C761;
					};
				};
			};
			buildConfigurationList = 292704E729CEC61F00C2C761 /* Build configuration list for PBXProject "AssignmentOne" */;
			compatibilityVersion = "Xcode 14.0";
			developmentRegion = en;
			hasScannedForEncodings = 0;
			knownRegions = (
				en,
				Base,
			);
			mainGroup = 292704E329CEC61F00C2C761;
			productRefGroup = 292704ED29CEC61F00C2C761 /* Products */;
			projectDirPath = "";
			projectRoot = "";
			targets = (
				292704EB29CEC61F00C2C761 /* AssignmentOne */,
				292704FB29CEC62000C2C761 /* AssignmentOneTests */,
				2927050529CEC62100C2C761 /* AssignmentOneUITests */,
			);
		};
/* End PBXProject section */

/* Begin PBXResourcesBuildPhase section */
		292704EA29CEC61F00C2C761 /* Resources */ = {
			isa = PBXResourcesBuildPhase;
			buildActionMask = 2147483647;
			files = (
				292704F729CEC62000C2C761 /* Preview Assets.xcassets in Resources */,
				292704F429CEC62000C2C761 /* Assets.xcassets in Resources */,
			);
			runOnlyForDeploymentPostprocessing = 0;
		};
		292704FA29CEC62000C2C761 /* Resources */ = {
			isa = PBXResourcesBuildPhase;
			buildActionMask = 2147483647;
			files = (
			);
			runOnlyForDeploymentPostprocessing = 0;
		};
		2927050429CEC62100C2C761 /* Resources */ = {
			isa = PBXResourcesBuildPhase;
			buildActionMask = 2147483647;
			files = (
			);
			runOnlyForDeploymentPostprocessing = 0;
		};
/* End PBXResourcesBuildPhase section */

/* Begin PBXSourcesBuildPhase section */
		292704E829CEC61F00C2C761 /* Sources */ = {
			isa = PBXSourcesBuildPhase;
			buildActionMask = 2147483647;
			files = (
				292704F229CEC61F00C2C761 /* ContentView.swift in Sources */,
				292704F029CEC61F00C2C761 /* AssignmentOneApp.swift in Sources */,
				2927051B29CECD7900C2C761 /* DataModel.swift in Sources */,
			);
			runOnlyForDeploymentPostprocessing = 0;
		};
		292704F829CEC62000C2C761 /* Sources */ = {
			isa = PBXSourcesBuildPhase;
			buildActionMask = 2147483647;
			files = (
				2927050129CEC62000C2C761 /* AssignmentOneTests.swift in Sources */,
				2927051C29CECDFD00C2C761 /* DataModel.swift in Sources */,
			);
			runOnlyForDeploymentPostprocessing = 0;
		};
		2927050229CEC62100C2C761 /* Sources */ = {
			isa = PBXSourcesBuildPhase;
			buildActionMask = 2147483647;
			files = (
				2927050D29CEC62100C2C761 /* AssignmentOneUITestsLaunchTests.swift in Sources */,
				2927050B29CEC62100C2C761 /* AssignmentOneUITests.swift in Sources */,
			);
			runOnlyForDeploymentPostprocessing = 0;
		};
/* End PBXSourcesBuildPhase section */

/* Begin PBXTargetDependency section */
		292704FE29CEC62000C2C761 /* PBXTargetDependency */ = {
			isa = PBXTargetDependency;
			target = 292704EB29CEC61F00C2C761 /* AssignmentOne */;
			targetProxy = 292704FD29CEC62000C2C761 /* PBXContainerItemProxy */;
		};
		2927050829CEC62100C2C761 /* PBXTargetDependency */ = {
			isa = PBXTargetDependency;
			target = 292704EB29CEC61F00C2C761 /* AssignmentOne */;
			targetProxy = 2927050729CEC62100C2C761 /* PBXContainerItemProxy */;
		};
/* End PBXTargetDependency section */

/* Begin XCBuildConfiguration section */
		2927050E29CEC62100C2C761 /* Debug */ = {
			isa = XCBuildConfiguration;
			buildSettings = {
				ALWAYS_SEARCH_USER_PATHS = NO;
				CLANG_ANALYZER_NONNULL = YES;
				CLANG_ANALYZER_NUMBER_OBJECT_CONVERSION = YES_AGGRESSIVE;
				CLANG_CXX_LANGUAGE_STANDARD = "gnu++20";
				CLANG_ENABLE_MODULES = YES;
				CLANG_ENABLE_OBJC_ARC = YES;
				CLANG_ENABLE_OBJC_WEAK = YES;
				CLANG_WARN_BLOCK_CAPTURE_AUTORELEASING = YES;
				CLANG_WARN_BOOL_CONVERSION = YES;
				CLANG_WARN_COMMA = YES;
				CLANG_WARN_CONSTANT_CONVERSION = YES;
				CLANG_WARN_DEPRECATED_OBJC_IMPLEMENTATIONS = YES;
				CLANG_WARN_DIRECT_OBJC_ISA_USAGE = YES_ERROR;
				CLANG_WARN_DOCUMENTATION_COMMENTS = YES;
				CLANG_WARN_EMPTY_BODY = YES;
				CLANG_WARN_ENUM_CONVERSION = YES;
				CLANG_WARN_INFINITE_RECURSION = YES;
				CLANG_WARN_INT_CONVERSION = YES;
				CLANG_WARN_NON_LITERAL_NULL_CONVERSION = YES;
				CLANG_WARN_OBJC_IMPLICIT_RETAIN_SELF = YES;
				CLANG_WARN_OBJC_LITERAL_CONVERSION = YES;
				CLANG_WARN_OBJC_ROOT_CLASS = YES_ERROR;
				CLANG_WARN_QUOTED_INCLUDE_IN_FRAMEWORK_HEADER = YES;
				CLANG_WARN_RANGE_LOOP_ANALYSIS = YES;
				CLANG_WARN_STRICT_PROTOTYPES = YES;
				CLANG_WARN_SUSPICIOUS_MOVE = YES;
				CLANG_WARN_UNGUARDED_AVAILABILITY = YES_AGGRESSIVE;
				CLANG_WARN_UNREACHABLE_CODE = YES;
				CLANG_WARN__DUPLICATE_METHOD_MATCH = YES;
				COPY_PHASE_STRIP = NO;
				DEBUG_INFORMATION_FORMAT = dwarf;
				ENABLE_STRICT_OBJC_MSGSEND = YES;
				ENABLE_TESTABILITY = YES;
				GCC_C_LANGUAGE_STANDARD = gnu11;
				GCC_DYNAMIC_NO_PIC = NO;
				GCC_NO_COMMON_BLOCKS = YES;
				GCC_OPTIMIZATION_LEVEL = 0;
				GCC_PREPROCESSOR_DEFINITIONS = (
					"DEBUG=1",
					"$(inherited)",
				);
				GCC_WARN_64_TO_32_BIT_CONVERSION = YES;
				GCC_WARN_ABOUT_RETURN_TYPE = YES_ERROR;
				GCC_WARN_UNDECLARED_SELECTOR = YES;
				GCC_WARN_UNINITIALIZED_AUTOS = YES_AGGRESSIVE;
				GCC_WARN_UNUSED_FUNCTION = YES;
				GCC_WARN_UNUSED_VARIABLE = YES;
				IPHONEOS_DEPLOYMENT_TARGET = 16.2;
				MTL_ENABLE_DEBUG_INFO = INCLUDE_SOURCE;
				MTL_FAST_MATH = YES;
				ONLY_ACTIVE_ARCH = YES;
				SDKROOT = iphoneos;
				SWIFT_ACTIVE_COMPILATION_CONDITIONS = DEBUG;
				SWIFT_OPTIMIZATION_LEVEL = "-Onone";
			};
			name = Debug;
		};
		2927050F29CEC62100C2C761 /* Release */ = {
			isa = XCBuildConfiguration;
			buildSettings = {
				ALWAYS_SEARCH_USER_PATHS = NO;
				CLANG_ANALYZER_NONNULL = YES;
				CLANG_ANALYZER_NUMBER_OBJECT_CONVERSION = YES_AGGRESSIVE;
				CLANG_CXX_LANGUAGE_STANDARD = "gnu++20";
				CLANG_ENABLE_MODULES = YES;
				CLANG_ENABLE_OBJC_ARC = YES;
				CLANG_ENABLE_OBJC_WEAK = YES;
				CLANG_WARN_BLOCK_CAPTURE_AUTORELEASING = YES;
				CLANG_WARN_BOOL_CONVERSION = YES;
				CLANG_WARN_COMMA = YES;
				CLANG_WARN_CONSTANT_CONVERSION = YES;
				CLANG_WARN_DEPRECATED_OBJC_IMPLEMENTATIONS = YES;
				CLANG_WARN_DIRECT_OBJC_ISA_USAGE = YES_ERROR;
				CLANG_WARN_DOCUMENTATION_COMMENTS = YES;
				CLANG_WARN_EMPTY_BODY = YES;
				CLANG_WARN_ENUM_CONVERSION = YES;
				CLANG_WARN_INFINITE_RECURSION = YES;
				CLANG_WARN_INT_CONVERSION = YES;
				CLANG_WARN_NON_LITERAL_NULL_CONVERSION = YES;
				CLANG_WARN_OBJC_IMPLICIT_RETAIN_SELF = YES;
				CLANG_WARN_OBJC_LITERAL_CONVERSION = YES;
				CLANG_WARN_OBJC_ROOT_CLASS = YES_ERROR;
				CLANG_WARN_QUOTED_INCLUDE_IN_FRAMEWORK_HEADER = YES;
				CLANG_WARN_RANGE_LOOP_ANALYSIS = YES;
				CLANG_WARN_STRICT_PROTOTYPES = YES;
				CLANG_WARN_SUSPICIOUS_MOVE = YES;
				CLANG_WARN_UNGUARDED_AVAILABILITY = YES_AGGRESSIVE;
				CLANG_WARN_UNREACHABLE_CODE = YES;
				CLANG_WARN__DUPLICATE_METHOD_MATCH = YES;
				COPY_PHASE_STRIP = NO;
				DEBUG_INFORMATION_FORMAT = "dwarf-with-dsym";
				ENABLE_NS_ASSERTIONS = NO;
				ENABLE_STRICT_OBJC_MSGSEND = YES;
				GCC_C_LANGUAGE_STANDARD = gnu11;
				GCC_NO_COMMON_BLOCKS = YES;
				GCC_WARN_64_TO_32_BIT_CONVERSION = YES;
				GCC_WARN_ABOUT_RETURN_TYPE = YES_ERROR;
				GCC_WARN_UNDECLARED_SELECTOR = YES;
				GCC_WARN_UNINITIALIZED_AUTOS = YES_AGGRESSIVE;
				GCC_WARN_UNUSED_FUNCTION = YES;
				GCC_WARN_UNUSED_VARIABLE = YES;
				IPHONEOS_DEPLOYMENT_TARGET = 16.2;
				MTL_ENABLE_DEBUG_INFO = NO;
				MTL_FAST_MATH = YES;
				SDKROOT = iphoneos;
				SWIFT_COMPILATION_MODE = wholemodule;
				SWIFT_OPTIMIZATION_LEVEL = "-O";
				VALIDATE_PRODUCT = YES;
			};
			name = Release;
		};
		2927051129CEC62100C2C761 /* Debug */ = {
			isa = XCBuildConfiguration;
			buildSettings = {
				ASSETCATALOG_COMPILER_APPICON_NAME = AppIcon;
				ASSETCATALOG_COMPILER_GLOBAL_ACCENT_COLOR_NAME = AccentColor;
				CODE_SIGN_STYLE = Automatic;
				CURRENT_PROJECT_VERSION = 1;
				DEVELOPMENT_ASSET_PATHS = "\"AssignmentOne/Preview Content\"";
				ENABLE_PREVIEWS = YES;
				GENERATE_INFOPLIST_FILE = YES;
				INFOPLIST_KEY_UIApplicationSceneManifest_Generation = YES;
				INFOPLIST_KEY_UIApplicationSupportsIndirectInputEvents = YES;
				INFOPLIST_KEY_UILaunchScreen_Generation = YES;
				INFOPLIST_KEY_UISupportedInterfaceOrientations_iPad = "UIInterfaceOrientationPortrait UIInterfaceOrientationPortraitUpsideDown UIInterfaceOrientationLandscapeLeft UIInterfaceOrientationLandscapeRight";
				INFOPLIST_KEY_UISupportedInterfaceOrientations_iPhone = "UIInterfaceOrientationPortrait UIInterfaceOrientationLandscapeLeft UIInterfaceOrientationLandscapeRight";
				LD_RUNPATH_SEARCH_PATHS = (
					"$(inherited)",
					"@executable_path/Frameworks",
				);
				MARKETING_VERSION = 1.0;
				PRODUCT_BUNDLE_IDENTIFIER = GriffithUniversity.AssignmentOne;
				PRODUCT_NAME = "$(TARGET_NAME)";
				SWIFT_EMIT_LOC_STRINGS = YES;
				SWIFT_VERSION = 5.0;
				TARGETED_DEVICE_FAMILY = "1,2";
			};
			name = Debug;
		};
		2927051229CEC62100C2C761 /* Release */ = {
			isa = XCBuildConfiguration;
			buildSettings = {
				ASSETCATALOG_COMPILER_APPICON_NAME = AppIcon;
				ASSETCATALOG_COMPILER_GLOBAL_ACCENT_COLOR_NAME = AccentColor;
				CODE_SIGN_STYLE = Automatic;
				CURRENT_PROJECT_VERSION = 1;
				DEVELOPMENT_ASSET_PATHS = "\"AssignmentOne/Preview Content\"";
				ENABLE_PREVIEWS = YES;
				GENERATE_INFOPLIST_FILE = YES;
				INFOPLIST_KEY_UIApplicationSceneManifest_Generation = YES;
				INFOPLIST_KEY_UIApplicationSupportsIndirectInputEvents = YES;
				INFOPLIST_KEY_UILaunchScreen_Generation = YES;
				INFOPLIST_KEY_UISupportedInterfaceOrientations_iPad = "UIInterfaceOrientationPortrait UIInterfaceOrientationPortraitUpsideDown UIInterfaceOrientationLandscapeLeft UIInterfaceOrientationLandscapeRight";
				INFOPLIST_KEY_UISupportedInterfaceOrientations_iPhone = "UIInterfaceOrientationPortrait UIInterfaceOrientationLandscapeLeft UIInterfaceOrientationLandscapeRight";
				LD_RUNPATH_SEARCH_PATHS = (
					"$(inherited)",
					"@executable_path/Frameworks",
				);
				MARKETING_VERSION = 1.0;
				PRODUCT_BUNDLE_IDENTIFIER = GriffithUniversity.AssignmentOne;
				PRODUCT_NAME = "$(TARGET_NAME)";
				SWIFT_EMIT_LOC_STRINGS = YES;
				SWIFT_VERSION = 5.0;
				TARGETED_DEVICE_FAMILY = "1,2";
			};
			name = Release;
		};
		2927051429CEC62100C2C761 /* Debug */ = {
			isa = XCBuildConfiguration;
			buildSettings = {
				ALWAYS_EMBED_SWIFT_STANDARD_LIBRARIES = YES;
				BUNDLE_LOADER = "$(TEST_HOST)";
				CODE_SIGN_STYLE = Automatic;
				CURRENT_PROJECT_VERSION = 1;
				GENERATE_INFOPLIST_FILE = YES;
				IPHONEOS_DEPLOYMENT_TARGET = 16.2;
				MARKETING_VERSION = 1.0;
				PRODUCT_BUNDLE_IDENTIFIER = GriffithUniversity.AssignmentOneTests;
				PRODUCT_NAME = "$(TARGET_NAME)";
				SWIFT_EMIT_LOC_STRINGS = NO;
				SWIFT_VERSION = 5.0;
				TARGETED_DEVICE_FAMILY = "1,2";
				TEST_HOST = "$(BUILT_PRODUCTS_DIR)/AssignmentOne.app/$(BUNDLE_EXECUTABLE_FOLDER_PATH)/AssignmentOne";
			};
			name = Debug;
		};
		2927051529CEC62100C2C761 /* Release */ = {
			isa = XCBuildConfiguration;
			buildSettings = {
				ALWAYS_EMBED_SWIFT_STANDARD_LIBRARIES = YES;
				BUNDLE_LOADER = "$(TEST_HOST)";
				CODE_SIGN_STYLE = Automatic;
				CURRENT_PROJECT_VERSION = 1;
				GENERATE_INFOPLIST_FILE = YES;
				IPHONEOS_DEPLOYMENT_TARGET = 16.2;
				MARKETING_VERSION = 1.0;
				PRODUCT_BUNDLE_IDENTIFIER = GriffithUniversity.AssignmentOneTests;
				PRODUCT_NAME = "$(TARGET_NAME)";
				SWIFT_EMIT_LOC_STRINGS = NO;
				SWIFT_VERSION = 5.0;
				TARGETED_DEVICE_FAMILY = "1,2";
				TEST_HOST = "$(BUILT_PRODUCTS_DIR)/AssignmentOne.app/$(BUNDLE_EXECUTABLE_FOLDER_PATH)/AssignmentOne";
			};
			name = Release;
		};
		2927051729CEC62100C2C761 /* Debug */ = {
			isa = XCBuildConfiguration;
			buildSettings = {
				ALWAYS_EMBED_SWIFT_STANDARD_LIBRARIES = YES;
				CODE_SIGN_STYLE = Automatic;
				CURRENT_PROJECT_VERSION = 1;
				GENERATE_INFOPLIST_FILE = YES;
				MARKETING_VERSION = 1.0;
				PRODUCT_BUNDLE_IDENTIFIER = GriffithUniversity.AssignmentOneUITests;
				PRODUCT_NAME = "$(TARGET_NAME)";
				SWIFT_EMIT_LOC_STRINGS = NO;
				SWIFT_VERSION = 5.0;
				TARGETED_DEVICE_FAMILY = "1,2";
				TEST_TARGET_NAME = AssignmentOne;
			};
			name = Debug;
		};
		2927051829CEC62100C2C761 /* Release */ = {
			isa = XCBuildConfiguration;
			buildSettings = {
				ALWAYS_EMBED_SWIFT_STANDARD_LIBRARIES = YES;
				CODE_SIGN_STYLE = Automatic;
				CURRENT_PROJECT_VERSION = 1;
				GENERATE_INFOPLIST_FILE = YES;
				MARKETING_VERSION = 1.0;
				PRODUCT_BUNDLE_IDENTIFIER = GriffithUniversity.AssignmentOneUITests;
				PRODUCT_NAME = "$(TARGET_NAME)";
				SWIFT_EMIT_LOC_STRINGS = NO;
				SWIFT_VERSION = 5.0;
				TARGETED_DEVICE_FAMILY = "1,2";
				TEST_TARGET_NAME = AssignmentOne;
			};
			name = Release;
		};
/* End XCBuildConfiguration section */

/* Begin XCConfigurationList section */
		292704E729CEC61F00C2C761 /* Build configuration list for PBXProject "AssignmentOne" */ = {
			isa = XCConfigurationList;
			buildConfigurations = (
				2927050E29CEC62100C2C761 /* Debug */,
				2927050F29CEC62100C2C761 /* Release */,
			);
			defaultConfigurationIsVisible = 0;
			defaultConfigurationName = Release;
		};
		2927051029CEC62100C2C761 /* Build configuration list for PBXNativeTarget "AssignmentOne" */ = {
			isa = XCConfigurationList;
			buildConfigurations = (
				2927051129CEC62100C2C761 /* Debug */,
				2927051229CEC62100C2C761 /* Release */,
			);
			defaultConfigurationIsVisible = 0;
			defaultConfigurationName = Release;
		};
		2927051329CEC62100C2C761 /* Build configuration list for PBXNativeTarget "AssignmentOneTests" */ = {
			isa = XCConfigurationList;
			buildConfigurations = (
				2927051429CEC62100C2C761 /* Debug */,
				2927051529CEC62100C2C761 /* Release */,
			);
			defaultConfigurationIsVisible = 0;
			defaultConfigurationName = Release;
		};
		2927051629CEC62100C2C761 /* Build configuration list for PBXNativeTarget "AssignmentOneUITests" */ = {
			isa = XCConfigurationList;
			buildConfigurations = (
				2927051729CEC62100C2C761 /* Debug */,
				2927051829CEC62100C2C761 /* Release */,
			);
			defaultConfigurationIsVisible = 0;
			defaultConfigurationName = Release;
		};
/* End XCConfigurationList section */
	};
	rootObject = 292704E429CEC61F00C2C761 /* Project object */;
}
